{
  "name": "@sim-v3/root",
  "version": "1.0.0",
  "lockfileVersion": 3,
  "requires": true,
  "packages": {
    "": {
      "name": "@sim-v3/root",
      "version": "1.0.0",
      "workspaces": [
        "@sim-v3/app"
      ]
    },
    "@sim-v3/app": {
      "name": "app",
      "version": "1.0.0",
      "license": "ISC"
    },
    "node_modules/app": {
      "resolved": "@sim-v3/app",
      "link": true
    }
  }
}
