{
  "name": "@sim-v3/root",
  "version": "1.0.0",
  "lockfileVersion": 3,
  "requires": true,
  "packages": {
    "": {
      "name": "@sim-v3/root",
      "version": "1.0.0",
      "workspaces": [
        "packages/app"
      ]
    },
    "@sim-v3/app": {
      "name": "app",
      "version": "1.0.0",
      "extraneous": true,
      "license": "ISC"
    },
    "node_modules/@sim-v3/app": {
      "resolved": "packages/app",
      "link": true
    },
    "packages/app": {
      "name": "@sim-v3/app",
      "version": "1.0.0"
    }
  }
}
